schema: '2.0'
stages:
  download:
    cmd: python3 -m src.data.downloader
    deps:
    - path: data/external/semeval2014/
      hash: md5
      md5: 5aa25c4122f47cb3f63be23ccfc4a277.dir
      size: 1595120
      nfiles: 3
    - path: src/data/downloader.py
      hash: md5
      md5: a4f6b296b99ed95edbbfd79c801aa430
      size: 5912
    params:
      params.yaml:
        data.dataset_name: semeval2014_restaurants
        data.splits:
        - train
        - test
    outs:
    - path: data/raw/
      hash: md5
      md5: 67282f56afcd4e6499ec88c10deadb6f.dir
      size: 472218
      nfiles: 2
  preprocess:
    cmd: python3 -m src.data.pipeline
    deps:
    - path: data/raw/
      hash: md5
      md5: 67282f56afcd4e6499ec88c10deadb6f.dir
      size: 472218
      nfiles: 2
    - path: src/data/pipeline.py
      hash: md5
      md5: 3fdb3e68ab0f7baf935a063b411377e4
      size: 3860
    - path: src/data/transforms/
      hash: md5
      md5: 3f7706778a8930839d723eaefd22fce4.dir
      size: 22721
      nfiles: 16
    params:
      params.yaml:
        data.split_seed: 42
        data.validation_ratio: 0.1
        label_mapping:
          aspect_categories:
            anecdotes/miscellaneous: general
            ambience: ambiance
        preprocessing:
          lowercase: true
          strip_whitespace: true
          remove_duplicates: true
          drop_conflict_labels: true
          min_text_length: 3
        sentiment_derivation:
          mixed_strategy: negative_priority
    outs:
    - path: data/processed/
      hash: md5
      md5: 19b918564158ebb7c7246021b6a3a26f.dir
      size: 477011
      nfiles: 2
  validate:
    cmd: python3 -m src.data.validators
    deps:
    - path: data/processed/
      hash: md5
      md5: 19b918564158ebb7c7246021b6a3a26f.dir
      size: 477011
      nfiles: 2
    - path: src/data/validators.py
      hash: md5
      md5: 6c2b383600233919732545fd7e7dc72d
      size: 14878
    params:
      params.yaml:
        validation:
          min_samples: 100
          max_null_ratio: 0.01
          expected_labels:
            sentiment:
            - positive
            - negative
            - neutral
            aspect:
            - food
            - service
            - ambiance
            - price
            - location
            - general
    outs:
    - path: data/reports/quality_report.json
      hash: md5
      md5: 5a0091b0eee1878bb30f646169d250ed
      size: 971
  evaluate_baseline:
    cmd: python3 -m src.model.evaluate
    deps:
    - path: data/processed/sentences.csv
      hash: md5
      md5: bff36f8306f6b5fc761bc2202a8215e8
      size: 372199
    - path: src/model/
      hash: md5
      md5: 84b23b472f05e5409a8af2b6160aac9a.dir
      size: 50223
      nfiles: 11
    params:
      params.yaml:
        mlflow:
          tracking_uri: http://localhost:5000
          experiment_name: data_preprocessing
          model_experiment_name: sentiment_baseline
    outs:
    - path: data/reports/baseline_metrics.json
      hash: md5
      md5: 3295f2b6c81f2fc600657f7c659b3554
      size: 920
  download_sarcasm:
    cmd: python3 -m src.data.downloader --task sarcasm
    deps:
    - path: src/data/downloader.py
      hash: md5
      md5: c3d8ada0a274d120f185f1abadd51ef0
      size: 10807
    params:
      params.yaml:
        training.sarcasm:
          dataset_version: tweet_eval_irony_v1
          model_name: xlm-roberta-base
          adapter_output_dir: models/adapters/sarcasm
          learning_rate: 0.0002
          epochs: 3
          batch_size: 16
          gradient_accumulation_steps: 2
          max_length: 128
          seed: 42
    outs:
    - path: data/raw/sarcasm.csv
      hash: md5
      md5: 2e85b8140a05464404cc9ea2979331fd
      size: 505953
  download_sentiment:
    cmd: python3 -m src.data.downloader --task sentiment
    deps:
    - path: src/data/downloader.py
      hash: md5
      md5: c3d8ada0a274d120f185f1abadd51ef0
      size: 10807
    params:
      params.yaml:
        sentiment_derivation:
          mixed_strategy: negative_priority
        training.sentiment:
          dataset_version: multilingual_sentiment_v1
          model_name: xlm-roberta-base
          adapter_output_dir: models/adapters/sentiment
          learning_rate: 0.0002
          epochs: 5
          batch_size: 16
          gradient_accumulation_steps: 2
          max_length: 128
          seed: 42
    outs:
    - path: data/raw/sentiment_en.csv
      hash: md5
      md5: 4931366b234fdccdc5e92172b7203a30
      size: 452052
    - path: data/raw/sentiment_vi.csv
      hash: md5
      md5: 3b09fe29f8f214d3dcba75135b9fc659
      size: 1718908
  finetune_sarcasm:
    cmd: python3 -m src.scripts.run_finetuning --task sarcasm
    deps:
    - path: data/raw/sarcasm.csv
      hash: md5
      md5: 2e85b8140a05464404cc9ea2979331fd
      size: 505953
    - path: src/scripts/run_finetuning.py
      hash: md5
      md5: 948c248f3283f38b809e4edb3db6f5b8
      size: 12862
    - path: src/training/
      hash: md5
      md5: cbc078fe86f12061694cfa69848d393f.dir
      size: 34962
      nfiles: 16
    params:
      params.yaml:
        adapters:
          sentiment_path: models/adapters/sentiment
          sarcasm_path: models/adapters/sarcasm
        mlflow:
          tracking_uri: http://localhost:5000
          experiment_name: data_preprocessing
          model_experiment_name: sentiment_baseline
        training.sarcasm:
          dataset_version: tweet_eval_irony_v1
          model_name: xlm-roberta-base
          adapter_output_dir: models/adapters/sarcasm
          learning_rate: 0.0002
          epochs: 3
          batch_size: 16
          gradient_accumulation_steps: 2
          max_length: 128
          seed: 42
    outs:
    - path: models/adapters/sarcasm
      hash: md5
      md5: a103548672f3b3ef67c773444d1299d0.dir
      size: 102226593
      nfiles: 39
  finetune_sentiment:
    cmd: python3 -m src.scripts.run_finetuning --task sentiment
    deps:
    - path: data/raw/sentiment_en.csv
      hash: md5
      md5: 4931366b234fdccdc5e92172b7203a30
      size: 452052
    - path: data/raw/sentiment_vi.csv
      hash: md5
      md5: 3b09fe29f8f214d3dcba75135b9fc659
      size: 1718908
    - path: src/scripts/run_finetuning.py
      hash: md5
      md5: 948c248f3283f38b809e4edb3db6f5b8
      size: 12862
    - path: src/training/
      hash: md5
      md5: cbc078fe86f12061694cfa69848d393f.dir
      size: 34962
      nfiles: 16
    params:
      params.yaml:
        adapters:
          sentiment_path: models/adapters/sentiment
          sarcasm_path: models/adapters/sarcasm
        mlflow:
          tracking_uri: http://localhost:5000
          experiment_name: data_preprocessing
          model_experiment_name: sentiment_baseline
        training.sentiment:
          dataset_version: multilingual_sentiment_v1
          model_name: xlm-roberta-base
          adapter_output_dir: models/adapters/sentiment
          learning_rate: 0.0002
          epochs: 5
          batch_size: 16
          gradient_accumulation_steps: 2
          max_length: 128
          seed: 42
    outs:
    - path: models/adapters/sentiment
      hash: md5
      md5: c96e564c94e3b56b96974bc066812ef2.dir
      size: 168004788
      nfiles: 63
  export_onnx_sarcasm:
    cmd: python3 -m src.scripts.export_onnx --adapter-name sarcasm
    deps:
    - path: models/adapters/sarcasm
      hash: md5
      md5: a103548672f3b3ef67c773444d1299d0.dir
      size: 102226593
      nfiles: 39
    - path: src/model/onnx_exporter.py
      hash: md5
      md5: 35f884f99bb3b2b79f9aa0827482a45c
      size: 3061
    - path: src/scripts/export_onnx.py
      hash: md5
      md5: 3145e0d0f656f1b4d4ee145d838067ee
      size: 1453
    outs:
    - path: models/onnx/sarcasm_fp32
      hash: md5
      md5: 635e59f08d828b0fa157bb8455299a6d.dir
      size: 1134657337
      nfiles: 6
    - path: models/onnx/sarcasm_int8
      hash: md5
      md5: 4f6bc9413df61f5918851632dab42524.dir
      size: 301572920
      nfiles: 7
  export_onnx_sentiment:
    cmd: python3 -m src.scripts.export_onnx --adapter-name sentiment
    deps:
    - path: models/adapters/sentiment
      hash: md5
      md5: c96e564c94e3b56b96974bc066812ef2.dir
      size: 168004788
      nfiles: 63
    - path: src/model/onnx_exporter.py
      hash: md5
      md5: 35f884f99bb3b2b79f9aa0827482a45c
      size: 3061
    - path: src/scripts/export_onnx.py
      hash: md5
      md5: 3145e0d0f656f1b4d4ee145d838067ee
      size: 1453
    outs:
    - path: models/onnx/sentiment_fp32
      hash: md5
      md5: f7d2f860281c196ac6be29109b2fc7a4.dir
      size: 1134657337
      nfiles: 6
    - path: models/onnx/sentiment_int8
      hash: md5
      md5: a58aaddbffc1f9915ccbecf958afe060.dir
      size: 301572920
      nfiles: 7
  benchmark_onnx:
    cmd: python3 -m src.scripts.benchmark_onnx --samples 1000 --batch-size 32 
      --output reports/onnx_benchmark.json
    deps:
    - path: models/onnx/sentiment_fp32
      hash: md5
      md5: f7d2f860281c196ac6be29109b2fc7a4.dir
      size: 1134657337
      nfiles: 6
    - path: models/onnx/sentiment_int8
      hash: md5
      md5: a58aaddbffc1f9915ccbecf958afe060.dir
      size: 301572920
      nfiles: 7
    - path: src/model/baseline.py
      hash: md5
      md5: fae00f6a53c996967750b13ae49bface
      size: 15912
    - path: src/scripts/benchmark_onnx.py
      hash: md5
      md5: 7cf3c88bdd96a9069098ea8c75207fdc
      size: 3152
    outs:
    - path: reports/onnx_benchmark.json
      hash: md5
      md5: 11997d4e8f8b9ab8e014186c3c315fda
      size: 401
  prepare_eval:
    cmd: python3 -m src.scripts.prepare_eval
    deps:
    - path: data/raw/sentiment_en.csv
      hash: md5
      md5: 4931366b234fdccdc5e92172b7203a30
      size: 452052
    - path: data/raw/sentiment_vi.csv
      hash: md5
      md5: 3b09fe29f8f214d3dcba75135b9fc659
      size: 1718908
    - path: src/scripts/prepare_eval.py
      hash: md5
      md5: fb7008fc5b6095b72698152bff826573
      size: 4706
    params:
      params.yaml:
        evaluation:
          mixed_lang_eval_path: data/eval/mixed_lang_eval.csv
          vi_sarcasm_eval_path: data/eval/vi_sarcasm_eval.csv
          metrics_output_path: reports/metrics_finetuned.json
          per_language_output_path: reports/per_language_f1.json
          fairness_output_path: reports/fairness_report.json
    outs:
    - path: data/eval/
      hash: md5
      md5: c78a57802ac32612f5598e9942c8537a.dir
      size: 46296
      nfiles: 2
  evaluate_finetuned:
    cmd: python3 -m src.scripts.evaluate_finetuned --task sentiment
    deps:
    - path: data/eval/
      hash: md5
      md5: c78a57802ac32612f5598e9942c8537a.dir
      size: 46296
      nfiles: 2
    - path: models/adapters/sarcasm
      hash: md5
      md5: d940bdbabe4af979f1e8fbf3f1b26cf6.dir
      size: 130046247
      nfiles: 49
    - path: models/adapters/sentiment
      hash: md5
      md5: c0b8aa318d0eb09d42a6bb9ad2fdc115.dir
      size: 168001307
      nfiles: 63
    - path: src/model/
      hash: md5
      md5: 6865d6250195b7cbe8f900453a4f3e3c.dir
      size: 71692
      nfiles: 17
    - path: src/scripts/evaluate_finetuned.py
      hash: md5
      md5: 4f983b16607cb9b0aa8e3055aea03d74
      size: 4665
    params:
      params.yaml:
        adapters:
          sentiment_path: models/adapters/sentiment
          sarcasm_path: models/adapters/sarcasm
        evaluation:
          mixed_lang_eval_path: data/eval/mixed_lang_eval.csv
          vi_sarcasm_eval_path: data/eval/vi_sarcasm_eval.csv
          metrics_output_path: reports/metrics_finetuned.json
          per_language_output_path: reports/per_language_f1.json
          fairness_output_path: reports/fairness_report.json
    outs:
    - path: reports/fairness_report.json
      hash: md5
      md5: 38f51c120bbd07f099a02b09a3bd5ea6
      size: 576
    - path: reports/metrics_finetuned.json
      hash: md5
      md5: f3ef8a0594bf18f212cd1382dbee4d49
      size: 81
    - path: reports/per_language_f1.json
      hash: md5
      md5: 3e6cdaa23cbed0d00e94a073af6ad5f6
      size: 85
